// !$*UTF8*$!
{
	archiveVersion = 1;
	classes = {
	};
	objectVersion = 56;
	objects = {

/* Begin PBXBuildFile section */
		3D7542EA2A17E667006C5D46 /* MobileChallengeApp.swift in Sources */ = {isa = PBXBuildFile; fileRef = 3D7542E92A17E667006C5D46 /* MobileChallengeApp.swift */; };
		3D7542EC2A17E668006C5D46 /* PhotoSearchView.swift in Sources */ = {isa = PBXBuildFile; fileRef = 3D7542EB2A17E668006C5D46 /* PhotoSearchView.swift */; };
		3D7542EE2A17E66C006C5D46 /* Assets.xcassets in Resources */ = {isa = PBXBuildFile; fileRef = 3D7542ED2A17E66C006C5D46 /* Assets.xcassets */; };
		3D7542F12A17E66C006C5D46 /* Preview Assets.xcassets in Resources */ = {isa = PBXBuildFile; fileRef = 3D7542F02A17E66C006C5D46 /* Preview Assets.xcassets */; };
		3D7543052A17E66D006C5D46 /* MobileChallengeUITests.swift in Sources */ = {isa = PBXBuildFile; fileRef = 3D7543042A17E66D006C5D46 /* MobileChallengeUITests.swift */; };
		3D7543072A17E66D006C5D46 /* MobileChallengeUITestsLaunchTests.swift in Sources */ = {isa = PBXBuildFile; fileRef = 3D7543062A17E66D006C5D46 /* MobileChallengeUITestsLaunchTests.swift */; };
		3D7543172A17E792006C5D46 /* FlickrManager.swift in Sources */ = {isa = PBXBuildFile; fileRef = 3D7543162A17E792006C5D46 /* FlickrManager.swift */; };
		3D7543192A17E7FB006C5D46 /* Photo.swift in Sources */ = {isa = PBXBuildFile; fileRef = 3D7543182A17E7FB006C5D46 /* Photo.swift */; };
		3D75431B2A17E82A006C5D46 /* PhotoCollection.swift in Sources */ = {isa = PBXBuildFile; fileRef = 3D75431A2A17E82A006C5D46 /* PhotoCollection.swift */; };
		3D75431D2A17E913006C5D46 /* PhotoSummaryView.swift in Sources */ = {isa = PBXBuildFile; fileRef = 3D75431C2A17E913006C5D46 /* PhotoSummaryView.swift */; };
		3D7543242A1BCBCE006C5D46 /* FlickrURLHelper.swift in Sources */ = {isa = PBXBuildFile; fileRef = 3D7543232A1BCBCE006C5D46 /* FlickrURLHelper.swift */; };
		3D7543262A1BCE6B006C5D46 /* PhotoDetailView.swift in Sources */ = {isa = PBXBuildFile; fileRef = 3D7543252A1BCE6B006C5D46 /* PhotoDetailView.swift */; };
		3D7543282A1BF65C006C5D46 /* RemoteImageAPI.swift in Sources */ = {isa = PBXBuildFile; fileRef = 3D7543272A1BF65C006C5D46 /* RemoteImageAPI.swift */; };
		3D75432A2A1BF684006C5D46 /* FlickrManagerTests.swift in Sources */ = {isa = PBXBuildFile; fileRef = 3D7543292A1BF684006C5D46 /* FlickrManagerTests.swift */; };
		3D75432C2A1BF893006C5D46 /* URLSessionProtocol.swift in Sources */ = {isa = PBXBuildFile; fileRef = 3D75432B2A1BF893006C5D46 /* URLSessionProtocol.swift */; };
		3D7543302A1BF98D006C5D46 /* MockURLSession.swift in Sources */ = {isa = PBXBuildFile; fileRef = 3D75432F2A1BF98D006C5D46 /* MockURLSession.swift */; };
		3D7543332A1BFD02006C5D46 /* DummyPhotoData.json in Resources */ = {isa = PBXBuildFile; fileRef = 3D7543322A1BFD02006C5D46 /* DummyPhotoData.json */; };
		3D7543372A1C007D006C5D46 /* JSONToData.swift in Sources */ = {isa = PBXBuildFile; fileRef = 3D7543352A1BFE0D006C5D46 /* JSONToData.swift */; };
		3D75433C2A1C92CC006C5D46 /* FlickrURLHelperTests.swift in Sources */ = {isa = PBXBuildFile; fileRef = 3D75433B2A1C92CC006C5D46 /* FlickrURLHelperTests.swift */; };
		3D75433F2A1C93F9006C5D46 /* MockFlickrURLHelper.swift in Sources */ = {isa = PBXBuildFile; fileRef = 3D75433E2A1C93F9006C5D46 /* MockFlickrURLHelper.swift */; };
		3D7543412A1C98A5006C5D46 /* FlickrURLBuilding.swift in Sources */ = {isa = PBXBuildFile; fileRef = 3D7543402A1C98A5006C5D46 /* FlickrURLBuilding.swift */; };
		3D7543442A1C99E4006C5D46 /* PhotoSearchViewModel.swift in Sources */ = {isa = PBXBuildFile; fileRef = 3D7543432A1C99E4006C5D46 /* PhotoSearchViewModel.swift */; };
		3D7543482A1C9F75006C5D46 /* PhotoSearchViewModelTests.swift in Sources */ = {isa = PBXBuildFile; fileRef = 3D7543472A1C9F75006C5D46 /* PhotoSearchViewModelTests.swift */; };
		3D75434C2A1C9FED006C5D46 /* MockRemoteImageAPI.swift in Sources */ = {isa = PBXBuildFile; fileRef = 3D75434B2A1C9FED006C5D46 /* MockRemoteImageAPI.swift */; };
		3D75434E2A1CBE96006C5D46 /* Photo+Example.swift in Sources */ = {isa = PBXBuildFile; fileRef = 3D75434D2A1CBE96006C5D46 /* Photo+Example.swift */; };
		3D7543562A1D2492006C5D46 /* UserPhotosView.swift in Sources */ = {isa = PBXBuildFile; fileRef = 3D7543552A1D2492006C5D46 /* UserPhotosView.swift */; };
/* End PBXBuildFile section */

/* Begin PBXContainerItemProxy section */
		3D7542F72A17E66C006C5D46 /* PBXContainerItemProxy */ = {
			isa = PBXContainerItemProxy;
			containerPortal = 3D7542DE2A17E667006C5D46 /* Project object */;
			proxyType = 1;
			remoteGlobalIDString = 3D7542E52A17E667006C5D46;
			remoteInfo = MobileChallenge;
		};
		3D7543012A17E66D006C5D46 /* PBXContainerItemProxy */ = {
			isa = PBXContainerItemProxy;
			containerPortal = 3D7542DE2A17E667006C5D46 /* Project object */;
			proxyType = 1;
			remoteGlobalIDString = 3D7542E52A17E667006C5D46;
			remoteInfo = MobileChallenge;
		};
/* End PBXContainerItemProxy section */

/* Begin PBXFileReference section */
		3D7542E62A17E667006C5D46 /* MobileChallenge.app */ = {isa = PBXFileReference; explicitFileType = wrapper.application; includeInIndex = 0; path = MobileChallenge.app; sourceTree = BUILT_PRODUCTS_DIR; };
		3D7542E92A17E667006C5D46 /* MobileChallengeApp.swift */ = {isa = PBXFileReference; lastKnownFileType = sourcecode.swift; path = MobileChallengeApp.swift; sourceTree = "<group>"; };
		3D7542EB2A17E668006C5D46 /* PhotoSearchView.swift */ = {isa = PBXFileReference; lastKnownFileType = sourcecode.swift; path = PhotoSearchView.swift; sourceTree = "<group>"; };
		3D7542ED2A17E66C006C5D46 /* Assets.xcassets */ = {isa = PBXFileReference; lastKnownFileType = folder.assetcatalog; path = Assets.xcassets; sourceTree = "<group>"; };
		3D7542F02A17E66C006C5D46 /* Preview Assets.xcassets */ = {isa = PBXFileReference; lastKnownFileType = folder.assetcatalog; path = "Preview Assets.xcassets"; sourceTree = "<group>"; };
		3D7542F62A17E66C006C5D46 /* MobileChallengeTests.xctest */ = {isa = PBXFileReference; explicitFileType = wrapper.cfbundle; includeInIndex = 0; path = MobileChallengeTests.xctest; sourceTree = BUILT_PRODUCTS_DIR; };
		3D7543002A17E66D006C5D46 /* MobileChallengeUITests.xctest */ = {isa = PBXFileReference; explicitFileType = wrapper.cfbundle; includeInIndex = 0; path = MobileChallengeUITests.xctest; sourceTree = BUILT_PRODUCTS_DIR; };
		3D7543042A17E66D006C5D46 /* MobileChallengeUITests.swift */ = {isa = PBXFileReference; lastKnownFileType = sourcecode.swift; path = MobileChallengeUITests.swift; sourceTree = "<group>"; };
		3D7543062A17E66D006C5D46 /* MobileChallengeUITestsLaunchTests.swift */ = {isa = PBXFileReference; lastKnownFileType = sourcecode.swift; path = MobileChallengeUITestsLaunchTests.swift; sourceTree = "<group>"; };
		3D7543162A17E792006C5D46 /* FlickrManager.swift */ = {isa = PBXFileReference; lastKnownFileType = sourcecode.swift; path = FlickrManager.swift; sourceTree = "<group>"; };
		3D7543182A17E7FB006C5D46 /* Photo.swift */ = {isa = PBXFileReference; lastKnownFileType = sourcecode.swift; path = Photo.swift; sourceTree = "<group>"; };
		3D75431A2A17E82A006C5D46 /* PhotoCollection.swift */ = {isa = PBXFileReference; lastKnownFileType = sourcecode.swift; path = PhotoCollection.swift; sourceTree = "<group>"; };
		3D75431C2A17E913006C5D46 /* PhotoSummaryView.swift */ = {isa = PBXFileReference; lastKnownFileType = sourcecode.swift; path = PhotoSummaryView.swift; sourceTree = "<group>"; };
		3D7543222A1A0856006C5D46 /* Info.plist */ = {isa = PBXFileReference; lastKnownFileType = text.plist; path = Info.plist; sourceTree = "<group>"; };
		3D7543232A1BCBCE006C5D46 /* FlickrURLHelper.swift */ = {isa = PBXFileReference; lastKnownFileType = sourcecode.swift; path = FlickrURLHelper.swift; sourceTree = "<group>"; };
		3D7543252A1BCE6B006C5D46 /* PhotoDetailView.swift */ = {isa = PBXFileReference; lastKnownFileType = sourcecode.swift; path = PhotoDetailView.swift; sourceTree = "<group>"; };
		3D7543272A1BF65C006C5D46 /* RemoteImageAPI.swift */ = {isa = PBXFileReference; lastKnownFileType = sourcecode.swift; path = RemoteImageAPI.swift; sourceTree = "<group>"; };
		3D7543292A1BF684006C5D46 /* FlickrManagerTests.swift */ = {isa = PBXFileReference; lastKnownFileType = sourcecode.swift; path = FlickrManagerTests.swift; sourceTree = "<group>"; };
		3D75432B2A1BF893006C5D46 /* URLSessionProtocol.swift */ = {isa = PBXFileReference; lastKnownFileType = sourcecode.swift; path = URLSessionProtocol.swift; sourceTree = "<group>"; };
		3D75432F2A1BF98D006C5D46 /* MockURLSession.swift */ = {isa = PBXFileReference; lastKnownFileType = sourcecode.swift; path = MockURLSession.swift; sourceTree = "<group>"; };
		3D7543322A1BFD02006C5D46 /* DummyPhotoData.json */ = {isa = PBXFileReference; lastKnownFileType = text.json; path = DummyPhotoData.json; sourceTree = "<group>"; };
		3D7543352A1BFE0D006C5D46 /* JSONToData.swift */ = {isa = PBXFileReference; lastKnownFileType = sourcecode.swift; path = JSONToData.swift; sourceTree = "<group>"; };
		3D75433B2A1C92CC006C5D46 /* FlickrURLHelperTests.swift */ = {isa = PBXFileReference; lastKnownFileType = sourcecode.swift; path = FlickrURLHelperTests.swift; sourceTree = "<group>"; };
		3D75433E2A1C93F9006C5D46 /* MockFlickrURLHelper.swift */ = {isa = PBXFileReference; lastKnownFileType = sourcecode.swift; path = MockFlickrURLHelper.swift; sourceTree = "<group>"; };
		3D7543402A1C98A5006C5D46 /* FlickrURLBuilding.swift */ = {isa = PBXFileReference; lastKnownFileType = sourcecode.swift; path = FlickrURLBuilding.swift; sourceTree = "<group>"; };
		3D7543432A1C99E4006C5D46 /* PhotoSearchViewModel.swift */ = {isa = PBXFileReference; lastKnownFileType = sourcecode.swift; path = PhotoSearchViewModel.swift; sourceTree = "<group>"; };
		3D7543472A1C9F75006C5D46 /* PhotoSearchViewModelTests.swift */ = {isa = PBXFileReference; lastKnownFileType = sourcecode.swift; path = PhotoSearchViewModelTests.swift; sourceTree = "<group>"; };
		3D75434B2A1C9FED006C5D46 /* MockRemoteImageAPI.swift */ = {isa = PBXFileReference; lastKnownFileType = sourcecode.swift; path = MockRemoteImageAPI.swift; sourceTree = "<group>"; };
		3D75434D2A1CBE96006C5D46 /* Photo+Example.swift */ = {isa = PBXFileReference; lastKnownFileType = sourcecode.swift; path = "Photo+Example.swift"; sourceTree = "<group>"; };
		3D7543552A1D2492006C5D46 /* UserPhotosView.swift */ = {isa = PBXFileReference; lastKnownFileType = sourcecode.swift; path = UserPhotosView.swift; sourceTree = "<group>"; };
/* End PBXFileReference section */

/* Begin PBXFrameworksBuildPhase section */
		3D7542E32A17E667006C5D46 /* Frameworks */ = {
			isa = PBXFrameworksBuildPhase;
			buildActionMask = 2147483647;
			files = (
			);
			runOnlyForDeploymentPostprocessing = 0;
		};
		3D7542F32A17E66C006C5D46 /* Frameworks */ = {
			isa = PBXFrameworksBuildPhase;
			buildActionMask = 2147483647;
			files = (
			);
			runOnlyForDeploymentPostprocessing = 0;
		};
		3D7542FD2A17E66D006C5D46 /* Frameworks */ = {
			isa = PBXFrameworksBuildPhase;
			buildActionMask = 2147483647;
			files = (
			);
			runOnlyForDeploymentPostprocessing = 0;
		};
/* End PBXFrameworksBuildPhase section */

/* Begin PBXGroup section */
		3D7542DD2A17E667006C5D46 = {
			isa = PBXGroup;
			children = (
				3D7542E82A17E667006C5D46 /* MobileChallenge */,
				3D7542F92A17E66C006C5D46 /* MobileChallengeTests */,
				3D7543032A17E66D006C5D46 /* MobileChallengeUITests */,
				3D7542E72A17E667006C5D46 /* Products */,
			);
			sourceTree = "<group>";
		};
		3D7542E72A17E667006C5D46 /* Products */ = {
			isa = PBXGroup;
			children = (
				3D7542E62A17E667006C5D46 /* MobileChallenge.app */,
				3D7542F62A17E66C006C5D46 /* MobileChallengeTests.xctest */,
				3D7543002A17E66D006C5D46 /* MobileChallengeUITests.xctest */,
			);
			name = Products;
			sourceTree = "<group>";
		};
		3D7542E82A17E667006C5D46 /* MobileChallenge */ = {
			isa = PBXGroup;
			children = (
				3D7543222A1A0856006C5D46 /* Info.plist */,
				3D7543152A17E775006C5D46 /* Model */,
				3D7543382A1C91A1006C5D46 /* Flickr */,
				3D7543142A17E76F006C5D46 /* Networking */,
				3D7543132A17E766006C5D46 /* Views */,
				3D7542E92A17E667006C5D46 /* MobileChallengeApp.swift */,
				3D7542ED2A17E66C006C5D46 /* Assets.xcassets */,
				3D7542EF2A17E66C006C5D46 /* Preview Content */,
			);
			path = MobileChallenge;
			sourceTree = "<group>";
		};
		3D7542EF2A17E66C006C5D46 /* Preview Content */ = {
			isa = PBXGroup;
			children = (
				3D7542F02A17E66C006C5D46 /* Preview Assets.xcassets */,
			);
			path = "Preview Content";
			sourceTree = "<group>";
		};
		3D7542F92A17E66C006C5D46 /* MobileChallengeTests */ = {
			isa = PBXGroup;
			children = (
				3D7543452A1C9F5D006C5D46 /* Views */,
				3D75433A2A1C92AA006C5D46 /* TestData */,
				3D7543392A1C9290006C5D46 /* Flickr */,
				3D75432E2A1BF97A006C5D46 /* Networking */,
			);
			path = MobileChallengeTests;
			sourceTree = "<group>";
		};
		3D7543032A17E66D006C5D46 /* MobileChallengeUITests */ = {
			isa = PBXGroup;
			children = (
				3D7543042A17E66D006C5D46 /* MobileChallengeUITests.swift */,
				3D7543062A17E66D006C5D46 /* MobileChallengeUITestsLaunchTests.swift */,
			);
			path = MobileChallengeUITests;
			sourceTree = "<group>";
		};
		3D7543132A17E766006C5D46 /* Views */ = {
			isa = PBXGroup;
			children = (
				3D7543512A1D16CA006C5D46 /* User */,
				3D7543422A1C99D0006C5D46 /* Search */,
				3D75431C2A17E913006C5D46 /* PhotoSummaryView.swift */,
				3D7543252A1BCE6B006C5D46 /* PhotoDetailView.swift */,
			);
			path = Views;
			sourceTree = "<group>";
		};
		3D7543142A17E76F006C5D46 /* Networking */ = {
			isa = PBXGroup;
			children = (
				3D7543272A1BF65C006C5D46 /* RemoteImageAPI.swift */,
				3D75432B2A1BF893006C5D46 /* URLSessionProtocol.swift */,
			);
			path = Networking;
			sourceTree = "<group>";
		};
		3D7543152A17E775006C5D46 /* Model */ = {
			isa = PBXGroup;
			children = (
				3D7543182A17E7FB006C5D46 /* Photo.swift */,
				3D75431A2A17E82A006C5D46 /* PhotoCollection.swift */,
			);
			path = Model;
			sourceTree = "<group>";
		};
		3D75432D2A1BF970006C5D46 /* Mocks */ = {
			isa = PBXGroup;
			children = (
				3D75432F2A1BF98D006C5D46 /* MockURLSession.swift */,
				3D75434B2A1C9FED006C5D46 /* MockRemoteImageAPI.swift */,
			);
			path = Mocks;
			sourceTree = "<group>";
		};
		3D75432E2A1BF97A006C5D46 /* Networking */ = {
			isa = PBXGroup;
			children = (
				3D7543312A1BFCEB006C5D46 /* Data */,
				3D75432D2A1BF970006C5D46 /* Mocks */,
			);
			path = Networking;
			sourceTree = "<group>";
		};
		3D7543312A1BFCEB006C5D46 /* Data */ = {
			isa = PBXGroup;
			children = (
				3D7543352A1BFE0D006C5D46 /* JSONToData.swift */,
			);
			path = Data;
			sourceTree = "<group>";
		};
		3D7543382A1C91A1006C5D46 /* Flickr */ = {
			isa = PBXGroup;
			children = (
				3D7543162A17E792006C5D46 /* FlickrManager.swift */,
				3D7543232A1BCBCE006C5D46 /* FlickrURLHelper.swift */,
				3D7543402A1C98A5006C5D46 /* FlickrURLBuilding.swift */,
			);
			path = Flickr;
			sourceTree = "<group>";
		};
		3D7543392A1C9290006C5D46 /* Flickr */ = {
			isa = PBXGroup;
			children = (
				3D75433D2A1C93E0006C5D46 /* Mocks */,
				3D7543292A1BF684006C5D46 /* FlickrManagerTests.swift */,
				3D75433B2A1C92CC006C5D46 /* FlickrURLHelperTests.swift */,
			);
			path = Flickr;
			sourceTree = "<group>";
		};
		3D75433A2A1C92AA006C5D46 /* TestData */ = {
			isa = PBXGroup;
			children = (
				3D7543322A1BFD02006C5D46 /* DummyPhotoData.json */,
				3D75434D2A1CBE96006C5D46 /* Photo+Example.swift */,
			);
			path = TestData;
			sourceTree = "<group>";
		};
		3D75433D2A1C93E0006C5D46 /* Mocks */ = {
			isa = PBXGroup;
			children = (
				3D75433E2A1C93F9006C5D46 /* MockFlickrURLHelper.swift */,
			);
			path = Mocks;
			sourceTree = "<group>";
		};
		3D7543422A1C99D0006C5D46 /* Search */ = {
			isa = PBXGroup;
			children = (
				3D7542EB2A17E668006C5D46 /* PhotoSearchView.swift */,
				3D7543432A1C99E4006C5D46 /* PhotoSearchViewModel.swift */,
			);
			path = Search;
			sourceTree = "<group>";
		};
		3D7543452A1C9F5D006C5D46 /* Views */ = {
			isa = PBXGroup;
			children = (
				3D7543462A1C9F61006C5D46 /* Search */,
			);
			path = Views;
			sourceTree = "<group>";
		};
		3D7543462A1C9F61006C5D46 /* Search */ = {
			isa = PBXGroup;
			children = (
				3D7543472A1C9F75006C5D46 /* PhotoSearchViewModelTests.swift */,
			);
			path = Search;
			sourceTree = "<group>";
		};
		3D7543512A1D16CA006C5D46 /* User */ = {
			isa = PBXGroup;
			children = (
				3D7543552A1D2492006C5D46 /* UserPhotosView.swift */,
			);
			path = User;
			sourceTree = "<group>";
		};
/* End PBXGroup section */

/* Begin PBXNativeTarget section */
		3D7542E52A17E667006C5D46 /* MobileChallenge */ = {
			isa = PBXNativeTarget;
			buildConfigurationList = 3D75430A2A17E66D006C5D46 /* Build configuration list for PBXNativeTarget "MobileChallenge" */;
			buildPhases = (
				3D7542E22A17E667006C5D46 /* Sources */,
				3D7542E32A17E667006C5D46 /* Frameworks */,
				3D7542E42A17E667006C5D46 /* Resources */,
			);
			buildRules = (
			);
			dependencies = (
			);
			name = MobileChallenge;
			productName = MobileChallenge;
			productReference = 3D7542E62A17E667006C5D46 /* MobileChallenge.app */;
			productType = "com.apple.product-type.application";
		};
		3D7542F52A17E66C006C5D46 /* MobileChallengeTests */ = {
			isa = PBXNativeTarget;
			buildConfigurationList = 3D75430D2A17E66D006C5D46 /* Build configuration list for PBXNativeTarget "MobileChallengeTests" */;
			buildPhases = (
				3D7542F22A17E66C006C5D46 /* Sources */,
				3D7542F32A17E66C006C5D46 /* Frameworks */,
				3D7542F42A17E66C006C5D46 /* Resources */,
			);
			buildRules = (
			);
			dependencies = (
				3D7542F82A17E66C006C5D46 /* PBXTargetDependency */,
			);
			name = MobileChallengeTests;
			productName = MobileChallengeTests;
			productReference = 3D7542F62A17E66C006C5D46 /* MobileChallengeTests.xctest */;
			productType = "com.apple.product-type.bundle.unit-test";
		};
		3D7542FF2A17E66D006C5D46 /* MobileChallengeUITests */ = {
			isa = PBXNativeTarget;
			buildConfigurationList = 3D7543102A17E66D006C5D46 /* Build configuration list for PBXNativeTarget "MobileChallengeUITests" */;
			buildPhases = (
				3D7542FC2A17E66D006C5D46 /* Sources */,
				3D7542FD2A17E66D006C5D46 /* Frameworks */,
				3D7542FE2A17E66D006C5D46 /* Resources */,
			);
			buildRules = (
			);
			dependencies = (
				3D7543022A17E66D006C5D46 /* PBXTargetDependency */,
			);
			name = MobileChallengeUITests;
			productName = MobileChallengeUITests;
			productReference = 3D7543002A17E66D006C5D46 /* MobileChallengeUITests.xctest */;
			productType = "com.apple.product-type.bundle.ui-testing";
		};
/* End PBXNativeTarget section */

/* Begin PBXProject section */
		3D7542DE2A17E667006C5D46 /* Project object */ = {
			isa = PBXProject;
			attributes = {
				BuildIndependentTargetsInParallel = 1;
				LastSwiftUpdateCheck = 1430;
				LastUpgradeCheck = 1430;
				TargetAttributes = {
					3D7542E52A17E667006C5D46 = {
						CreatedOnToolsVersion = 14.3;
					};
					3D7542F52A17E66C006C5D46 = {
						CreatedOnToolsVersion = 14.3;
						TestTargetID = 3D7542E52A17E667006C5D46;
					};
					3D7542FF2A17E66D006C5D46 = {
						CreatedOnToolsVersion = 14.3;
						TestTargetID = 3D7542E52A17E667006C5D46;
					};
				};
			};
			buildConfigurationList = 3D7542E12A17E667006C5D46 /* Build configuration list for PBXProject "MobileChallenge" */;
			compatibilityVersion = "Xcode 14.0";
			developmentRegion = en;
			hasScannedForEncodings = 0;
			knownRegions = (
				en,
				Base,
			);
			mainGroup = 3D7542DD2A17E667006C5D46;
			productRefGroup = 3D7542E72A17E667006C5D46 /* Products */;
			projectDirPath = "";
			projectRoot = "";
			targets = (
				3D7542E52A17E667006C5D46 /* MobileChallenge */,
				3D7542F52A17E66C006C5D46 /* MobileChallengeTests */,
				3D7542FF2A17E66D006C5D46 /* MobileChallengeUITests */,
			);
		};
/* End PBXProject section */

/* Begin PBXResourcesBuildPhase section */
		3D7542E42A17E667006C5D46 /* Resources */ = {
			isa = PBXResourcesBuildPhase;
			buildActionMask = 2147483647;
			files = (
				3D7542F12A17E66C006C5D46 /* Preview Assets.xcassets in Resources */,
				3D7542EE2A17E66C006C5D46 /* Assets.xcassets in Resources */,
			);
			runOnlyForDeploymentPostprocessing = 0;
		};
		3D7542F42A17E66C006C5D46 /* Resources */ = {
			isa = PBXResourcesBuildPhase;
			buildActionMask = 2147483647;
			files = (
				3D7543332A1BFD02006C5D46 /* DummyPhotoData.json in Resources */,
			);
			runOnlyForDeploymentPostprocessing = 0;
		};
		3D7542FE2A17E66D006C5D46 /* Resources */ = {
			isa = PBXResourcesBuildPhase;
			buildActionMask = 2147483647;
			files = (
			);
			runOnlyForDeploymentPostprocessing = 0;
		};
/* End PBXResourcesBuildPhase section */

/* Begin PBXSourcesBuildPhase section */
		3D7542E22A17E667006C5D46 /* Sources */ = {
			isa = PBXSourcesBuildPhase;
			buildActionMask = 2147483647;
			files = (
				3D75431D2A17E913006C5D46 /* PhotoSummaryView.swift in Sources */,
				3D7543192A17E7FB006C5D46 /* Photo.swift in Sources */,
				3D75431B2A17E82A006C5D46 /* PhotoCollection.swift in Sources */,
				3D7542EC2A17E668006C5D46 /* PhotoSearchView.swift in Sources */,
				3D75432C2A1BF893006C5D46 /* URLSessionProtocol.swift in Sources */,
				3D7543172A17E792006C5D46 /* FlickrManager.swift in Sources */,
				3D7543562A1D2492006C5D46 /* UserPhotosView.swift in Sources */,
				3D7543282A1BF65C006C5D46 /* RemoteImageAPI.swift in Sources */,
				3D7543242A1BCBCE006C5D46 /* FlickrURLHelper.swift in Sources */,
				3D7542EA2A17E667006C5D46 /* MobileChallengeApp.swift in Sources */,
				3D7543412A1C98A5006C5D46 /* FlickrURLBuilding.swift in Sources */,
				3D7543262A1BCE6B006C5D46 /* PhotoDetailView.swift in Sources */,
				3D7543442A1C99E4006C5D46 /* PhotoSearchViewModel.swift in Sources */,
			);
			runOnlyForDeploymentPostprocessing = 0;
		};
		3D7542F22A17E66C006C5D46 /* Sources */ = {
			isa = PBXSourcesBuildPhase;
			buildActionMask = 2147483647;
			files = (
				3D7543302A1BF98D006C5D46 /* MockURLSession.swift in Sources */,
				3D75432A2A1BF684006C5D46 /* FlickrManagerTests.swift in Sources */,
				3D75433C2A1C92CC006C5D46 /* FlickrURLHelperTests.swift in Sources */,
				3D75433F2A1C93F9006C5D46 /* MockFlickrURLHelper.swift in Sources */,
				3D7543372A1C007D006C5D46 /* JSONToData.swift in Sources */,
				3D75434C2A1C9FED006C5D46 /* MockRemoteImageAPI.swift in Sources */,
				3D7543482A1C9F75006C5D46 /* PhotoSearchViewModelTests.swift in Sources */,
				3D75434E2A1CBE96006C5D46 /* Photo+Example.swift in Sources */,
			);
			runOnlyForDeploymentPostprocessing = 0;
		};
		3D7542FC2A17E66D006C5D46 /* Sources */ = {
			isa = PBXSourcesBuildPhase;
			buildActionMask = 2147483647;
			files = (
				3D7543072A17E66D006C5D46 /* MobileChallengeUITestsLaunchTests.swift in Sources */,
				3D7543052A17E66D006C5D46 /* MobileChallengeUITests.swift in Sources */,
			);
			runOnlyForDeploymentPostprocessing = 0;
		};
/* End PBXSourcesBuildPhase section */

/* Begin PBXTargetDependency section */
		3D7542F82A17E66C006C5D46 /* PBXTargetDependency */ = {
			isa = PBXTargetDependency;
			target = 3D7542E52A17E667006C5D46 /* MobileChallenge */;
			targetProxy = 3D7542F72A17E66C006C5D46 /* PBXContainerItemProxy */;
		};
		3D7543022A17E66D006C5D46 /* PBXTargetDependency */ = {
			isa = PBXTargetDependency;
			target = 3D7542E52A17E667006C5D46 /* MobileChallenge */;
			targetProxy = 3D7543012A17E66D006C5D46 /* PBXContainerItemProxy */;
		};
/* End PBXTargetDependency section */

/* Begin XCBuildConfiguration section */
		3D7543082A17E66D006C5D46 /* Debug */ = {
			isa = XCBuildConfiguration;
			buildSettings = {
				ALWAYS_SEARCH_USER_PATHS = NO;
				CLANG_ANALYZER_NONNULL = YES;
				CLANG_ANALYZER_NUMBER_OBJECT_CONVERSION = YES_AGGRESSIVE;
				CLANG_CXX_LANGUAGE_STANDARD = "gnu++20";
				CLANG_ENABLE_MODULES = YES;
				CLANG_ENABLE_OBJC_ARC = YES;
				CLANG_ENABLE_OBJC_WEAK = YES;
				CLANG_WARN_BLOCK_CAPTURE_AUTORELEASING = YES;
				CLANG_WARN_BOOL_CONVERSION = YES;
				CLANG_WARN_COMMA = YES;
				CLANG_WARN_CONSTANT_CONVERSION = YES;
				CLANG_WARN_DEPRECATED_OBJC_IMPLEMENTATIONS = YES;
				CLANG_WARN_DIRECT_OBJC_ISA_USAGE = YES_ERROR;
				CLANG_WARN_DOCUMENTATION_COMMENTS = YES;
				CLANG_WARN_EMPTY_BODY = YES;
				CLANG_WARN_ENUM_CONVERSION = YES;
				CLANG_WARN_INFINITE_RECURSION = YES;
				CLANG_WARN_INT_CONVERSION = YES;
				CLANG_WARN_NON_LITERAL_NULL_CONVERSION = YES;
				CLANG_WARN_OBJC_IMPLICIT_RETAIN_SELF = YES;
				CLANG_WARN_OBJC_LITERAL_CONVERSION = YES;
				CLANG_WARN_OBJC_ROOT_CLASS = YES_ERROR;
				CLANG_WARN_QUOTED_INCLUDE_IN_FRAMEWORK_HEADER = YES;
				CLANG_WARN_RANGE_LOOP_ANALYSIS = YES;
				CLANG_WARN_STRICT_PROTOTYPES = YES;
				CLANG_WARN_SUSPICIOUS_MOVE = YES;
				CLANG_WARN_UNGUARDED_AVAILABILITY = YES_AGGRESSIVE;
				CLANG_WARN_UNREACHABLE_CODE = YES;
				CLANG_WARN__DUPLICATE_METHOD_MATCH = YES;
				COPY_PHASE_STRIP = NO;
				DEBUG_INFORMATION_FORMAT = dwarf;
				ENABLE_STRICT_OBJC_MSGSEND = YES;
				ENABLE_TESTABILITY = YES;
				GCC_C_LANGUAGE_STANDARD = gnu11;
				GCC_DYNAMIC_NO_PIC = NO;
				GCC_NO_COMMON_BLOCKS = YES;
				GCC_OPTIMIZATION_LEVEL = 0;
				GCC_PREPROCESSOR_DEFINITIONS = (
					"DEBUG=1",
					"$(inherited)",
				);
				GCC_WARN_64_TO_32_BIT_CONVERSION = YES;
				GCC_WARN_ABOUT_RETURN_TYPE = YES_ERROR;
				GCC_WARN_UNDECLARED_SELECTOR = YES;
				GCC_WARN_UNINITIALIZED_AUTOS = YES_AGGRESSIVE;
				GCC_WARN_UNUSED_FUNCTION = YES;
				GCC_WARN_UNUSED_VARIABLE = YES;
				IPHONEOS_DEPLOYMENT_TARGET = 16.4;
				MTL_ENABLE_DEBUG_INFO = INCLUDE_SOURCE;
				MTL_FAST_MATH = YES;
				ONLY_ACTIVE_ARCH = YES;
				SDKROOT = iphoneos;
				SWIFT_ACTIVE_COMPILATION_CONDITIONS = DEBUG;
				SWIFT_OPTIMIZATION_LEVEL = "-Onone";
			};
			name = Debug;
		};
		3D7543092A17E66D006C5D46 /* Release */ = {
			isa = XCBuildConfiguration;
			buildSettings = {
				ALWAYS_SEARCH_USER_PATHS = NO;
				CLANG_ANALYZER_NONNULL = YES;
				CLANG_ANALYZER_NUMBER_OBJECT_CONVERSION = YES_AGGRESSIVE;
				CLANG_CXX_LANGUAGE_STANDARD = "gnu++20";
				CLANG_ENABLE_MODULES = YES;
				CLANG_ENABLE_OBJC_ARC = YES;
				CLANG_ENABLE_OBJC_WEAK = YES;
				CLANG_WARN_BLOCK_CAPTURE_AUTORELEASING = YES;
				CLANG_WARN_BOOL_CONVERSION = YES;
				CLANG_WARN_COMMA = YES;
				CLANG_WARN_CONSTANT_CONVERSION = YES;
				CLANG_WARN_DEPRECATED_OBJC_IMPLEMENTATIONS = YES;
				CLANG_WARN_DIRECT_OBJC_ISA_USAGE = YES_ERROR;
				CLANG_WARN_DOCUMENTATION_COMMENTS = YES;
				CLANG_WARN_EMPTY_BODY = YES;
				CLANG_WARN_ENUM_CONVERSION = YES;
				CLANG_WARN_INFINITE_RECURSION = YES;
				CLANG_WARN_INT_CONVERSION = YES;
				CLANG_WARN_NON_LITERAL_NULL_CONVERSION = YES;
				CLANG_WARN_OBJC_IMPLICIT_RETAIN_SELF = YES;
				CLANG_WARN_OBJC_LITERAL_CONVERSION = YES;
				CLANG_WARN_OBJC_ROOT_CLASS = YES_ERROR;
				CLANG_WARN_QUOTED_INCLUDE_IN_FRAMEWORK_HEADER = YES;
				CLANG_WARN_RANGE_LOOP_ANALYSIS = YES;
				CLANG_WARN_STRICT_PROTOTYPES = YES;
				CLANG_WARN_SUSPICIOUS_MOVE = YES;
				CLANG_WARN_UNGUARDED_AVAILABILITY = YES_AGGRESSIVE;
				CLANG_WARN_UNREACHABLE_CODE = YES;
				CLANG_WARN__DUPLICATE_METHOD_MATCH = YES;
				COPY_PHASE_STRIP = NO;
				DEBUG_INFORMATION_FORMAT = "dwarf-with-dsym";
				ENABLE_NS_ASSERTIONS = NO;
				ENABLE_STRICT_OBJC_MSGSEND = YES;
				GCC_C_LANGUAGE_STANDARD = gnu11;
				GCC_NO_COMMON_BLOCKS = YES;
				GCC_WARN_64_TO_32_BIT_CONVERSION = YES;
				GCC_WARN_ABOUT_RETURN_TYPE = YES_ERROR;
				GCC_WARN_UNDECLARED_SELECTOR = YES;
				GCC_WARN_UNINITIALIZED_AUTOS = YES_AGGRESSIVE;
				GCC_WARN_UNUSED_FUNCTION = YES;
				GCC_WARN_UNUSED_VARIABLE = YES;
				IPHONEOS_DEPLOYMENT_TARGET = 16.4;
				MTL_ENABLE_DEBUG_INFO = NO;
				MTL_FAST_MATH = YES;
				SDKROOT = iphoneos;
				SWIFT_COMPILATION_MODE = wholemodule;
				SWIFT_OPTIMIZATION_LEVEL = "-O";
				VALIDATE_PRODUCT = YES;
			};
			name = Release;
		};
		3D75430B2A17E66D006C5D46 /* Debug */ = {
			isa = XCBuildConfiguration;
			buildSettings = {
				ASSETCATALOG_COMPILER_APPICON_NAME = AppIcon;
				ASSETCATALOG_COMPILER_GLOBAL_ACCENT_COLOR_NAME = AccentColor;
				CODE_SIGN_STYLE = Automatic;
				CURRENT_PROJECT_VERSION = 1;
				DEVELOPMENT_ASSET_PATHS = "\"MobileChallenge/Preview Content\"";
				DEVELOPMENT_TEAM = 4D274869RX;
				ENABLE_PREVIEWS = YES;
				GENERATE_INFOPLIST_FILE = YES;
				INFOPLIST_FILE = MobileChallenge/Info.plist;
				INFOPLIST_KEY_UIApplicationSceneManifest_Generation = YES;
				INFOPLIST_KEY_UIApplicationSupportsIndirectInputEvents = YES;
				INFOPLIST_KEY_UILaunchScreen_Generation = YES;
				INFOPLIST_KEY_UISupportedInterfaceOrientations_iPad = "UIInterfaceOrientationPortrait UIInterfaceOrientationPortraitUpsideDown UIInterfaceOrientationLandscapeLeft UIInterfaceOrientationLandscapeRight";
				INFOPLIST_KEY_UISupportedInterfaceOrientations_iPhone = "UIInterfaceOrientationPortrait UIInterfaceOrientationLandscapeLeft UIInterfaceOrientationLandscapeRight";
				LD_RUNPATH_SEARCH_PATHS = (
					"$(inherited)",
					"@executable_path/Frameworks",
				);
				MARKETING_VERSION = 1.0;
				PRODUCT_BUNDLE_IDENTIFIER = com.bencomber.MobileChallenge;
				PRODUCT_NAME = "$(TARGET_NAME)";
				SWIFT_EMIT_LOC_STRINGS = YES;
				SWIFT_VERSION = 5.0;
				TARGETED_DEVICE_FAMILY = "1,2";
			};
			name = Debug;
		};
		3D75430C2A17E66D006C5D46 /* Release */ = {
			isa = XCBuildConfiguration;
			buildSettings = {
				ASSETCATALOG_COMPILER_APPICON_NAME = AppIcon;
				ASSETCATALOG_COMPILER_GLOBAL_ACCENT_COLOR_NAME = AccentColor;
				CODE_SIGN_STYLE = Automatic;
				CURRENT_PROJECT_VERSION = 1;
				DEVELOPMENT_ASSET_PATHS = "\"MobileChallenge/Preview Content\"";
				DEVELOPMENT_TEAM = 4D274869RX;
				ENABLE_PREVIEWS = YES;
				GENERATE_INFOPLIST_FILE = YES;
				INFOPLIST_FILE = MobileChallenge/Info.plist;
				INFOPLIST_KEY_UIApplicationSceneManifest_Generation = YES;
				INFOPLIST_KEY_UIApplicationSupportsIndirectInputEvents = YES;
				INFOPLIST_KEY_UILaunchScreen_Generation = YES;
				INFOPLIST_KEY_UISupportedInterfaceOrientations_iPad = "UIInterfaceOrientationPortrait UIInterfaceOrientationPortraitUpsideDown UIInterfaceOrientationLandscapeLeft UIInterfaceOrientationLandscapeRight";
				INFOPLIST_KEY_UISupportedInterfaceOrientations_iPhone = "UIInterfaceOrientationPortrait UIInterfaceOrientationLandscapeLeft UIInterfaceOrientationLandscapeRight";
				LD_RUNPATH_SEARCH_PATHS = (
					"$(inherited)",
					"@executable_path/Frameworks",
				);
				MARKETING_VERSION = 1.0;
				PRODUCT_BUNDLE_IDENTIFIER = com.bencomber.MobileChallenge;
				PRODUCT_NAME = "$(TARGET_NAME)";
				SWIFT_EMIT_LOC_STRINGS = YES;
				SWIFT_VERSION = 5.0;
				TARGETED_DEVICE_FAMILY = "1,2";
			};
			name = Release;
		};
		3D75430E2A17E66D006C5D46 /* Debug */ = {
			isa = XCBuildConfiguration;
			buildSettings = {
				ALWAYS_EMBED_SWIFT_STANDARD_LIBRARIES = YES;
				BUNDLE_LOADER = "$(TEST_HOST)";
				CODE_SIGN_STYLE = Automatic;
				CURRENT_PROJECT_VERSION = 1;
				DEVELOPMENT_TEAM = 4D274869RX;
				GENERATE_INFOPLIST_FILE = YES;
				IPHONEOS_DEPLOYMENT_TARGET = 16.4;
				MARKETING_VERSION = 1.0;
				PRODUCT_BUNDLE_IDENTIFIER = com.bencomber.MobileChallengeTests;
				PRODUCT_NAME = "$(TARGET_NAME)";
				SWIFT_EMIT_LOC_STRINGS = NO;
				SWIFT_VERSION = 5.0;
				TARGETED_DEVICE_FAMILY = "1,2";
				TEST_HOST = "$(BUILT_PRODUCTS_DIR)/MobileChallenge.app/$(BUNDLE_EXECUTABLE_FOLDER_PATH)/MobileChallenge";
			};
			name = Debug;
		};
		3D75430F2A17E66D006C5D46 /* Release */ = {
			isa = XCBuildConfiguration;
			buildSettings = {
				ALWAYS_EMBED_SWIFT_STANDARD_LIBRARIES = YES;
				BUNDLE_LOADER = "$(TEST_HOST)";
				CODE_SIGN_STYLE = Automatic;
				CURRENT_PROJECT_VERSION = 1;
				DEVELOPMENT_TEAM = 4D274869RX;
				GENERATE_INFOPLIST_FILE = YES;
				IPHONEOS_DEPLOYMENT_TARGET = 16.4;
				MARKETING_VERSION = 1.0;
				PRODUCT_BUNDLE_IDENTIFIER = com.bencomber.MobileChallengeTests;
				PRODUCT_NAME = "$(TARGET_NAME)";
				SWIFT_EMIT_LOC_STRINGS = NO;
				SWIFT_VERSION = 5.0;
				TARGETED_DEVICE_FAMILY = "1,2";
				TEST_HOST = "$(BUILT_PRODUCTS_DIR)/MobileChallenge.app/$(BUNDLE_EXECUTABLE_FOLDER_PATH)/MobileChallenge";
			};
			name = Release;
		};
		3D7543112A17E66D006C5D46 /* Debug */ = {
			isa = XCBuildConfiguration;
			buildSettings = {
				ALWAYS_EMBED_SWIFT_STANDARD_LIBRARIES = YES;
				CODE_SIGN_STYLE = Automatic;
				CURRENT_PROJECT_VERSION = 1;
				DEVELOPMENT_TEAM = 4D274869RX;
				GENERATE_INFOPLIST_FILE = YES;
				MARKETING_VERSION = 1.0;
				PRODUCT_BUNDLE_IDENTIFIER = com.bencomber.MobileChallengeUITests;
				PRODUCT_NAME = "$(TARGET_NAME)";
				SWIFT_EMIT_LOC_STRINGS = NO;
				SWIFT_VERSION = 5.0;
				TARGETED_DEVICE_FAMILY = "1,2";
				TEST_TARGET_NAME = MobileChallenge;
			};
			name = Debug;
		};
		3D7543122A17E66D006C5D46 /* Release */ = {
			isa = XCBuildConfiguration;
			buildSettings = {
				ALWAYS_EMBED_SWIFT_STANDARD_LIBRARIES = YES;
				CODE_SIGN_STYLE = Automatic;
				CURRENT_PROJECT_VERSION = 1;
				DEVELOPMENT_TEAM = 4D274869RX;
				GENERATE_INFOPLIST_FILE = YES;
				MARKETING_VERSION = 1.0;
				PRODUCT_BUNDLE_IDENTIFIER = com.bencomber.MobileChallengeUITests;
				PRODUCT_NAME = "$(TARGET_NAME)";
				SWIFT_EMIT_LOC_STRINGS = NO;
				SWIFT_VERSION = 5.0;
				TARGETED_DEVICE_FAMILY = "1,2";
				TEST_TARGET_NAME = MobileChallenge;
			};
			name = Release;
		};
/* End XCBuildConfiguration section */

/* Begin XCConfigurationList section */
		3D7542E12A17E667006C5D46 /* Build configuration list for PBXProject "MobileChallenge" */ = {
			isa = XCConfigurationList;
			buildConfigurations = (
				3D7543082A17E66D006C5D46 /* Debug */,
				3D7543092A17E66D006C5D46 /* Release */,
			);
			defaultConfigurationIsVisible = 0;
			defaultConfigurationName = Release;
		};
		3D75430A2A17E66D006C5D46 /* Build configuration list for PBXNativeTarget "MobileChallenge" */ = {
			isa = XCConfigurationList;
			buildConfigurations = (
				3D75430B2A17E66D006C5D46 /* Debug */,
				3D75430C2A17E66D006C5D46 /* Release */,
			);
			defaultConfigurationIsVisible = 0;
			defaultConfigurationName = Release;
		};
		3D75430D2A17E66D006C5D46 /* Build configuration list for PBXNativeTarget "MobileChallengeTests" */ = {
			isa = XCConfigurationList;
			buildConfigurations = (
				3D75430E2A17E66D006C5D46 /* Debug */,
				3D75430F2A17E66D006C5D46 /* Release */,
			);
			defaultConfigurationIsVisible = 0;
			defaultConfigurationName = Release;
		};
		3D7543102A17E66D006C5D46 /* Build configuration list for PBXNativeTarget "MobileChallengeUITests" */ = {
			isa = XCConfigurationList;
			buildConfigurations = (
				3D7543112A17E66D006C5D46 /* Debug */,
				3D7543122A17E66D006C5D46 /* Release */,
			);
			defaultConfigurationIsVisible = 0;
			defaultConfigurationName = Release;
		};
/* End XCConfigurationList section */
	};
	rootObject = 3D7542DE2A17E667006C5D46 /* Project object */;
}
